
Microsoft Visual Studio Solution File, Format Version 12.00
# Visual Studio 15
VisualStudioVersion = 15.0.26228.9
MinimumVisualStudioVersion = 10.0.40219.1
Project("{FAE04EC0-301F-11D3-BF4B-00C04F79EFBC}") = "2.4(calculator)", "2.4(calculator)\2.4(calculator).csproj", "{17627323-D19A-436B-A3DB-6E296E23A1A3}"
EndProject
Project("{FAE04EC0-301F-11D3-BF4B-00C04F79EFBC}") = "2.4(calculator).Test", "2.4(calculator).Test\2.4(calculator).Test.csproj", "{2191451A-362E-4672-86C6-838580A1C060}"
EndProject
Global
	GlobalSection(SolutionConfigurationPlatforms) = preSolution
		Debug|Any CPU = Debug|Any CPU
		Release|Any CPU = Release|Any CPU
	EndGlobalSection
	GlobalSection(ProjectConfigurationPlatforms) = postSolution
		{17627323-D19A-436B-A3DB-6E296E23A1A3}.Debug|Any CPU.ActiveCfg = Debug|Any CPU
		{17627323-D19A-436B-A3DB-6E296E23A1A3}.Debug|Any CPU.Build.0 = Debug|Any CPU
		{17627323-D19A-436B-A3DB-6E296E23A1A3}.Release|Any CPU.ActiveCfg = Release|Any CPU
		{17627323-D19A-436B-A3DB-6E296E23A1A3}.Release|Any CPU.Build.0 = Release|Any CPU
		{2191451A-362E-4672-86C6-838580A1C060}.Debug|Any CPU.ActiveCfg = Debug|Any CPU
		{2191451A-362E-4672-86C6-838580A1C060}.Debug|Any CPU.Build.0 = Debug|Any CPU
		{2191451A-362E-4672-86C6-838580A1C060}.Release|Any CPU.ActiveCfg = Release|Any CPU
		{2191451A-362E-4672-86C6-838580A1C060}.Release|Any CPU.Build.0 = Release|Any CPU
	EndGlobalSection
	GlobalSection(SolutionProperties) = preSolution
		HideSolutionNode = FALSE
	EndGlobalSection
EndGlobal
