
Microsoft Visual Studio Solution File, Format Version 12.00
# Visual Studio 15
VisualStudioVersion = 15.0.26228.9
MinimumVisualStudioVersion = 10.0.40219.1
Project("{FAE04EC0-301F-11D3-BF4B-00C04F79EFBC}") = "5.2", "5.2\5.2.csproj", "{B815DC1F-0A83-493D-A08D-F9DFFC6BCBEA}"
EndProject
Global
	GlobalSection(SolutionConfigurationPlatforms) = preSolution
		Debug|Any CPU = Debug|Any CPU
		Release|Any CPU = Release|Any CPU
	EndGlobalSection
	GlobalSection(ProjectConfigurationPlatforms) = postSolution
		{B815DC1F-0A83-493D-A08D-F9DFFC6BCBEA}.Debug|Any CPU.ActiveCfg = Debug|Any CPU
		{B815DC1F-0A83-493D-A08D-F9DFFC6BCBEA}.Debug|Any CPU.Build.0 = Debug|Any CPU
		{B815DC1F-0A83-493D-A08D-F9DFFC6BCBEA}.Release|Any CPU.ActiveCfg = Release|Any CPU
		{B815DC1F-0A83-493D-A08D-F9DFFC6BCBEA}.Release|Any CPU.Build.0 = Release|Any CPU
	EndGlobalSection
	GlobalSection(SolutionProperties) = preSolution
		HideSolutionNode = FALSE
	EndGlobalSection
EndGlobal
